// !$*UTF8*$!
{
	archiveVersion = 1;
	classes = {
	};
	objectVersion = 77;
	objects = {

/* Begin PBXContainerItemProxy section */
		292D8CCD2E3E41BA007D5F8A /* PBXContainerItemProxy */ = {
			isa = PBXContainerItemProxy;
			containerPortal = 292D8CB72E3E41B8007D5F8A /* Project object */;
			proxyType = 1;
			remoteGlobalIDString = 292D8CBE2E3E41B8007D5F8A;
			remoteInfo = GeoTask;
		};
		292D8CD72E3E41BA007D5F8A /* PBXContainerItemProxy */ = {
			isa = PBXContainerItemProxy;
			containerPortal = 292D8CB72E3E41B8007D5F8A /* Project object */;
			proxyType = 1;
			remoteGlobalIDString = 292D8CBE2E3E41B8007D5F8A;
			remoteInfo = GeoTask;
		};
/* End PBXContainerItemProxy section */

/* Begin PBXFileReference section */
		292D8CBF2E3E41B8007D5F8A /* GeoTask.app */ = {isa = PBXFileReference; explicitFileType = wrapper.application; includeInIndex = 0; path = GeoTask.app; sourceTree = BUILT_PRODUCTS_DIR; };
		292D8CCC2E3E41BA007D5F8A /* GeoTaskTests.xctest */ = {isa = PBXFileReference; explicitFileType = wrapper.cfbundle; includeInIndex = 0; path = GeoTaskTests.xctest; sourceTree = BUILT_PRODUCTS_DIR; };
		292D8CD62E3E41BA007D5F8A /* GeoTaskUITests.xctest */ = {isa = PBXFileReference; explicitFileType = wrapper.cfbundle; includeInIndex = 0; path = GeoTaskUITests.xctest; sourceTree = BUILT_PRODUCTS_DIR; };
/* End PBXFileReference section */

/* Begin PBXFileSystemSynchronizedRootGroup section */
		292D8CC12E3E41B8007D5F8A /* GeoTask */ = {
			isa = PBXFileSystemSynchronizedRootGroup;
			path = GeoTask;
			sourceTree = "<group>";
		};
		292D8CCF2E3E41BA007D5F8A /* GeoTaskTests */ = {
			isa = PBXFileSystemSynchronizedRootGroup;
			path = GeoTaskTests;
			sourceTree = "<group>";
		};
		292D8CD92E3E41BA007D5F8A /* GeoTaskUITests */ = {
			isa = PBXFileSystemSynchronizedRootGroup;
			path = GeoTaskUITests;
			sourceTree = "<group>";
		};
/* End PBXFileSystemSynchronizedRootGroup section */

/* Begin PBXFrameworksBuildPhase section */
		292D8CBC2E3E41B8007D5F8A /* Frameworks */ = {
			isa = PBXFrameworksBuildPhase;
			buildActionMask = 2147483647;
			files = (
			);
			runOnlyForDeploymentPostprocessing = 0;
		};
		292D8CC92E3E41BA007D5F8A /* Frameworks */ = {
			isa = PBXFrameworksBuildPhase;
			buildActionMask = 2147483647;
			files = (
			);
			runOnlyForDeploymentPostprocessing = 0;
		};
		292D8CD32E3E41BA007D5F8A /* Frameworks */ = {
			isa = PBXFrameworksBuildPhase;
			buildActionMask = 2147483647;
			files = (
			);
			runOnlyForDeploymentPostprocessing = 0;
		};
/* End PBXFrameworksBuildPhase section */

/* Begin PBXGroup section */
		292D8CB62E3E41B8007D5F8A = {
			isa = PBXGroup;
			children = (
				292D8CC12E3E41B8007D5F8A /* GeoTask */,
				292D8CCF2E3E41BA007D5F8A /* GeoTaskTests */,
				292D8CD92E3E41BA007D5F8A /* GeoTaskUITests */,
				292D8CC02E3E41B8007D5F8A /* Products */,
			);
			sourceTree = "<group>";
		};
		292D8CC02E3E41B8007D5F8A /* Products */ = {
			isa = PBXGroup;
			children = (
				292D8CBF2E3E41B8007D5F8A /* GeoTask.app */,
				292D8CCC2E3E41BA007D5F8A /* GeoTaskTests.xctest */,
				292D8CD62E3E41BA007D5F8A /* GeoTaskUITests.xctest */,
			);
			name = Products;
			sourceTree = "<group>";
		};
/* End PBXGroup section */

/* Begin PBXNativeTarget section */
		292D8CBE2E3E41B8007D5F8A /* GeoTask */ = {
			isa = PBXNativeTarget;
			buildConfigurationList = 292D8CE02E3E41BA007D5F8A /* Build configuration list for PBXNativeTarget "GeoTask" */;
			buildPhases = (
				292D8CBB2E3E41B8007D5F8A /* Sources */,
				292D8CBC2E3E41B8007D5F8A /* Frameworks */,
				292D8CBD2E3E41B8007D5F8A /* Resources */,
			);
			buildRules = (
			);
			dependencies = (
			);
			fileSystemSynchronizedGroups = (
				292D8CC12E3E41B8007D5F8A /* GeoTask */,
			);
			name = GeoTask;
			packageProductDependencies = (
			);
			productName = GeoTask;
			productReference = 292D8CBF2E3E41B8007D5F8A /* GeoTask.app */;
			productType = "com.apple.product-type.application";
		};
		292D8CCB2E3E41BA007D5F8A /* GeoTaskTests */ = {
			isa = PBXNativeTarget;
			buildConfigurationList = 292D8CE32E3E41BA007D5F8A /* Build configuration list for PBXNativeTarget "GeoTaskTests" */;
			buildPhases = (
				292D8CC82E3E41BA007D5F8A /* Sources */,
				292D8CC92E3E41BA007D5F8A /* Frameworks */,
				292D8CCA2E3E41BA007D5F8A /* Resources */,
			);
			buildRules = (
			);
			dependencies = (
				292D8CCE2E3E41BA007D5F8A /* PBXTargetDependency */,
			);
			fileSystemSynchronizedGroups = (
				292D8CCF2E3E41BA007D5F8A /* GeoTaskTests */,
			);
			name = GeoTaskTests;
			packageProductDependencies = (
			);
			productName = GeoTaskTests;
			productReference = 292D8CCC2E3E41BA007D5F8A /* GeoTaskTests.xctest */;
			productType = "com.apple.product-type.bundle.unit-test";
		};
		292D8CD52E3E41BA007D5F8A /* GeoTaskUITests */ = {
			isa = PBXNativeTarget;
			buildConfigurationList = 292D8CE62E3E41BA007D5F8A /* Build configuration list for PBXNativeTarget "GeoTaskUITests" */;
			buildPhases = (
				292D8CD22E3E41BA007D5F8A /* Sources */,
				292D8CD32E3E41BA007D5F8A /* Frameworks */,
				292D8CD42E3E41BA007D5F8A /* Resources */,
			);
			buildRules = (
			);
			dependencies = (
				292D8CD82E3E41BA007D5F8A /* PBXTargetDependency */,
			);
			fileSystemSynchronizedGroups = (
				292D8CD92E3E41BA007D5F8A /* GeoTaskUITests */,
			);
			name = GeoTaskUITests;
			packageProductDependencies = (
			);
			productName = GeoTaskUITests;
			productReference = 292D8CD62E3E41BA007D5F8A /* GeoTaskUITests.xctest */;
			productType = "com.apple.product-type.bundle.ui-testing";
		};
/* End PBXNativeTarget section */

/* Begin PBXProject section */
		292D8CB72E3E41B8007D5F8A /* Project object */ = {
			isa = PBXProject;
			attributes = {
				BuildIndependentTargetsInParallel = 1;
				LastSwiftUpdateCheck = 2600;
				LastUpgradeCheck = 2600;
				TargetAttributes = {
					292D8CBE2E3E41B8007D5F8A = {
						CreatedOnToolsVersion = 26.0;
					};
					292D8CCB2E3E41BA007D5F8A = {
						CreatedOnToolsVersion = 26.0;
						TestTargetID = 292D8CBE2E3E41B8007D5F8A;
					};
					292D8CD52E3E41BA007D5F8A = {
						CreatedOnToolsVersion = 26.0;
						TestTargetID = 292D8CBE2E3E41B8007D5F8A;
					};
				};
			};
			buildConfigurationList = 292D8CBA2E3E41B8007D5F8A /* Build configuration list for PBXProject "GeoTask" */;
			developmentRegion = en;
			hasScannedForEncodings = 0;
			knownRegions = (
				en,
				Base,
			);
			mainGroup = 292D8CB62E3E41B8007D5F8A;
			minimizedProjectReferenceProxies = 1;
			preferredProjectObjectVersion = 77;
			productRefGroup = 292D8CC02E3E41B8007D5F8A /* Products */;
			projectDirPath = "";
			projectRoot = "";
			targets = (
				292D8CBE2E3E41B8007D5F8A /* GeoTask */,
				292D8CCB2E3E41BA007D5F8A /* GeoTaskTests */,
				292D8CD52E3E41BA007D5F8A /* GeoTaskUITests */,
			);
		};
/* End PBXProject section */

/* Begin PBXResourcesBuildPhase section */
		292D8CBD2E3E41B8007D5F8A /* Resources */ = {
			isa = PBXResourcesBuildPhase;
			buildActionMask = 2147483647;
			files = (
			);
			runOnlyForDeploymentPostprocessing = 0;
		};
		292D8CCA2E3E41BA007D5F8A /* Resources */ = {
			isa = PBXResourcesBuildPhase;
			buildActionMask = 2147483647;
			files = (
			);
			runOnlyForDeploymentPostprocessing = 0;
		};
		292D8CD42E3E41BA007D5F8A /* Resources */ = {
			isa = PBXResourcesBuildPhase;
			buildActionMask = 2147483647;
			files = (
			);
			runOnlyForDeploymentPostprocessing = 0;
		};
/* End PBXResourcesBuildPhase section */

/* Begin PBXSourcesBuildPhase section */
		292D8CBB2E3E41B8007D5F8A /* Sources */ = {
			isa = PBXSourcesBuildPhase;
			buildActionMask = 2147483647;
			files = (
			);
			runOnlyForDeploymentPostprocessing = 0;
		};
		292D8CC82E3E41BA007D5F8A /* Sources */ = {
			isa = PBXSourcesBuildPhase;
			buildActionMask = 2147483647;
			files = (
			);
			runOnlyForDeploymentPostprocessing = 0;
		};
		292D8CD22E3E41BA007D5F8A /* Sources */ = {
			isa = PBXSourcesBuildPhase;
			buildActionMask = 2147483647;
			files = (
			);
			runOnlyForDeploymentPostprocessing = 0;
		};
/* End PBXSourcesBuildPhase section */

/* Begin PBXTargetDependency section */
		292D8CCE2E3E41BA007D5F8A /* PBXTargetDependency */ = {
			isa = PBXTargetDependency;
			target = 292D8CBE2E3E41B8007D5F8A /* GeoTask */;
			targetProxy = 292D8CCD2E3E41BA007D5F8A /* PBXContainerItemProxy */;
		};
		292D8CD82E3E41BA007D5F8A /* PBXTargetDependency */ = {
			isa = PBXTargetDependency;
			target = 292D8CBE2E3E41B8007D5F8A /* GeoTask */;
			targetProxy = 292D8CD72E3E41BA007D5F8A /* PBXContainerItemProxy */;
		};
/* End PBXTargetDependency section */

/* Begin XCBuildConfiguration section */
		292D8CDE2E3E41BA007D5F8A /* Debug */ = {
			isa = XCBuildConfiguration;
			buildSettings = {
				ALWAYS_SEARCH_USER_PATHS = NO;
				ASSETCATALOG_COMPILER_GENERATE_SWIFT_ASSET_SYMBOL_EXTENSIONS = YES;
				CLANG_ANALYZER_NONNULL = YES;
				CLANG_ANALYZER_NUMBER_OBJECT_CONVERSION = YES_AGGRESSIVE;
				CLANG_CXX_LANGUAGE_STANDARD = "gnu++20";
				CLANG_ENABLE_MODULES = YES;
				CLANG_ENABLE_OBJC_ARC = YES;
				CLANG_ENABLE_OBJC_WEAK = YES;
				CLANG_WARN_BLOCK_CAPTURE_AUTORELEASING = YES;
				CLANG_WARN_BOOL_CONVERSION = YES;
				CLANG_WARN_COMMA = YES;
				CLANG_WARN_CONSTANT_CONVERSION = YES;
				CLANG_WARN_DEPRECATED_OBJC_IMPLEMENTATIONS = YES;
				CLANG_WARN_DIRECT_OBJC_ISA_USAGE = YES_ERROR;
				CLANG_WARN_DOCUMENTATION_COMMENTS = YES;
				CLANG_WARN_EMPTY_BODY = YES;
				CLANG_WARN_ENUM_CONVERSION = YES;
				CLANG_WARN_INFINITE_RECURSION = YES;
				CLANG_WARN_INT_CONVERSION = YES;
				CLANG_WARN_NON_LITERAL_NULL_CONVERSION = YES;
				CLANG_WARN_OBJC_IMPLICIT_RETAIN_SELF = YES;
				CLANG_WARN_OBJC_LITERAL_CONVERSION = YES;
				CLANG_WARN_OBJC_ROOT_CLASS = YES_ERROR;
				CLANG_WARN_QUOTED_INCLUDE_IN_FRAMEWORK_HEADER = YES;
				CLANG_WARN_RANGE_LOOP_ANALYSIS = YES;
				CLANG_WARN_STRICT_PROTOTYPES = YES;
				CLANG_WARN_SUSPICIOUS_MOVE = YES;
				CLANG_WARN_UNGUARDED_AVAILABILITY = YES_AGGRESSIVE;
				CLANG_WARN_UNREACHABLE_CODE = YES;
				CLANG_WARN__DUPLICATE_METHOD_MATCH = YES;
				COPY_PHASE_STRIP = NO;
				DEBUG_INFORMATION_FORMAT = dwarf;
				ENABLE_STRICT_OBJC_MSGSEND = YES;
				ENABLE_TESTABILITY = YES;
				ENABLE_USER_SCRIPT_SANDBOXING = YES;
				GCC_C_LANGUAGE_STANDARD = gnu17;
				GCC_DYNAMIC_NO_PIC = NO;
				GCC_NO_COMMON_BLOCKS = YES;
				GCC_OPTIMIZATION_LEVEL = 0;
				GCC_PREPROCESSOR_DEFINITIONS = (
					"DEBUG=1",
					"$(inherited)",
				);
				GCC_WARN_64_TO_32_BIT_CONVERSION = YES;
				GCC_WARN_ABOUT_RETURN_TYPE = YES_ERROR;
				GCC_WARN_UNDECLARED_SELECTOR = YES;
				GCC_WARN_UNINITIALIZED_AUTOS = YES_AGGRESSIVE;
				GCC_WARN_UNUSED_FUNCTION = YES;
				GCC_WARN_UNUSED_VARIABLE = YES;
				IPHONEOS_DEPLOYMENT_TARGET = 26.0;
				LOCALIZATION_PREFERS_STRING_CATALOGS = YES;
				MTL_ENABLE_DEBUG_INFO = INCLUDE_SOURCE;
				MTL_FAST_MATH = YES;
				ONLY_ACTIVE_ARCH = YES;
				SDKROOT = iphoneos;
				SWIFT_ACTIVE_COMPILATION_CONDITIONS = "DEBUG $(inherited)";
				SWIFT_OPTIMIZATION_LEVEL = "-Onone";
			};
			name = Debug;
		};
		292D8CDF2E3E41BA007D5F8A /* Release */ = {
			isa = XCBuildConfiguration;
			buildSettings = {
				ALWAYS_SEARCH_USER_PATHS = NO;
				ASSETCATALOG_COMPILER_GENERATE_SWIFT_ASSET_SYMBOL_EXTENSIONS = YES;
				CLANG_ANALYZER_NONNULL = YES;
				CLANG_ANALYZER_NUMBER_OBJECT_CONVERSION = YES_AGGRESSIVE;
				CLANG_CXX_LANGUAGE_STANDARD = "gnu++20";
				CLANG_ENABLE_MODULES = YES;
				CLANG_ENABLE_OBJC_ARC = YES;
				CLANG_ENABLE_OBJC_WEAK = YES;
				CLANG_WARN_BLOCK_CAPTURE_AUTORELEASING = YES;
				CLANG_WARN_BOOL_CONVERSION = YES;
				CLANG_WARN_COMMA = YES;
				CLANG_WARN_CONSTANT_CONVERSION = YES;
				CLANG_WARN_DEPRECATED_OBJC_IMPLEMENTATIONS = YES;
				CLANG_WARN_DIRECT_OBJC_ISA_USAGE = YES_ERROR;
				CLANG_WARN_DOCUMENTATION_COMMENTS = YES;
				CLANG_WARN_EMPTY_BODY = YES;
				CLANG_WARN_ENUM_CONVERSION = YES;
				CLANG_WARN_INFINITE_RECURSION = YES;
				CLANG_WARN_INT_CONVERSION = YES;
				CLANG_WARN_NON_LITERAL_NULL_CONVERSION = YES;
				CLANG_WARN_OBJC_IMPLICIT_RETAIN_SELF = YES;
				CLANG_WARN_OBJC_LITERAL_CONVERSION = YES;
				CLANG_WARN_OBJC_ROOT_CLASS = YES_ERROR;
				CLANG_WARN_QUOTED_INCLUDE_IN_FRAMEWORK_HEADER = YES;
				CLANG_WARN_RANGE_LOOP_ANALYSIS = YES;
				CLANG_WARN_STRICT_PROTOTYPES = YES;
				CLANG_WARN_SUSPICIOUS_MOVE = YES;
				CLANG_WARN_UNGUARDED_AVAILABILITY = YES_AGGRESSIVE;
				CLANG_WARN_UNREACHABLE_CODE = YES;
				CLANG_WARN__DUPLICATE_METHOD_MATCH = YES;
				COPY_PHASE_STRIP = NO;
				DEBUG_INFORMATION_FORMAT = "dwarf-with-dsym";
				ENABLE_NS_ASSERTIONS = NO;
				ENABLE_STRICT_OBJC_MSGSEND = YES;
				ENABLE_USER_SCRIPT_SANDBOXING = YES;
				GCC_C_LANGUAGE_STANDARD = gnu17;
				GCC_NO_COMMON_BLOCKS = YES;
				GCC_WARN_64_TO_32_BIT_CONVERSION = YES;
				GCC_WARN_ABOUT_RETURN_TYPE = YES_ERROR;
				GCC_WARN_UNDECLARED_SELECTOR = YES;
				GCC_WARN_UNINITIALIZED_AUTOS = YES_AGGRESSIVE;
				GCC_WARN_UNUSED_FUNCTION = YES;
				GCC_WARN_UNUSED_VARIABLE = YES;
				IPHONEOS_DEPLOYMENT_TARGET = 26.0;
				LOCALIZATION_PREFERS_STRING_CATALOGS = YES;
				MTL_ENABLE_DEBUG_INFO = NO;
				MTL_FAST_MATH = YES;
				SDKROOT = iphoneos;
				SWIFT_COMPILATION_MODE = wholemodule;
				VALIDATE_PRODUCT = YES;
			};
			name = Release;
		};
		292D8CE12E3E41BA007D5F8A /* Debug */ = {
			isa = XCBuildConfiguration;
			buildSettings = {
				ASSETCATALOG_COMPILER_APPICON_NAME = AppIcon;
				ASSETCATALOG_COMPILER_GLOBAL_ACCENT_COLOR_NAME = AccentColor;
				CODE_SIGN_STYLE = Automatic;
				CURRENT_PROJECT_VERSION = 1;
				ENABLE_PREVIEWS = YES;
				GENERATE_INFOPLIST_FILE = YES;
				INFOPLIST_KEY_UIApplicationSceneManifest_Generation = YES;
				INFOPLIST_KEY_UIApplicationSupportsIndirectInputEvents = YES;
				INFOPLIST_KEY_UILaunchScreen_Generation = YES;
				INFOPLIST_KEY_UISupportedInterfaceOrientations_iPad = "UIInterfaceOrientationPortrait UIInterfaceOrientationPortraitUpsideDown UIInterfaceOrientationLandscapeLeft UIInterfaceOrientationLandscapeRight";
				INFOPLIST_KEY_UISupportedInterfaceOrientations_iPhone = "UIInterfaceOrientationPortrait UIInterfaceOrientationLandscapeLeft UIInterfaceOrientationLandscapeRight";
				LD_RUNPATH_SEARCH_PATHS = (
					"$(inherited)",
					"@executable_path/Frameworks",
				);
				MARKETING_VERSION = 1.0;
				PRODUCT_BUNDLE_IDENTIFIER = com.ApplePay.TimeWorks.GeoTask;
				PRODUCT_NAME = "$(TARGET_NAME)";
				STRING_CATALOG_GENERATE_SYMBOLS = YES;
				SWIFT_DEFAULT_ACTOR_ISOLATION = MainActor;
				SWIFT_EMIT_LOC_STRINGS = YES;
				SWIFT_UPCOMING_FEATURE_MEMBER_IMPORT_VISIBILITY = YES;
				SWIFT_VERSION = 5.0;
				TARGETED_DEVICE_FAMILY = "1,2";
			};
			name = Debug;
		};
		292D8CE22E3E41BA007D5F8A /* Release */ = {
			isa = XCBuildConfiguration;
			buildSettings = {
				ASSETCATALOG_COMPILER_APPICON_NAME = AppIcon;
				ASSETCATALOG_COMPILER_GLOBAL_ACCENT_COLOR_NAME = AccentColor;
				CODE_SIGN_STYLE = Automatic;
				CURRENT_PROJECT_VERSION = 1;
				ENABLE_PREVIEWS = YES;
				GENERATE_INFOPLIST_FILE = YES;
				INFOPLIST_KEY_UIApplicationSceneManifest_Generation = YES;
				INFOPLIST_KEY_UIApplicationSupportsIndirectInputEvents = YES;
				INFOPLIST_KEY_UILaunchScreen_Generation = YES;
				INFOPLIST_KEY_UISupportedInterfaceOrientations_iPad = "UIInterfaceOrientationPortrait UIInterfaceOrientationPortraitUpsideDown UIInterfaceOrientationLandscapeLeft UIInterfaceOrientationLandscapeRight";
				INFOPLIST_KEY_UISupportedInterfaceOrientations_iPhone = "UIInterfaceOrientationPortrait UIInterfaceOrientationLandscapeLeft UIInterfaceOrientationLandscapeRight";
				LD_RUNPATH_SEARCH_PATHS = (
					"$(inherited)",
					"@executable_path/Frameworks",
				);
				MARKETING_VERSION = 1.0;
				PRODUCT_BUNDLE_IDENTIFIER = com.ApplePay.TimeWorks.GeoTask;
				PRODUCT_NAME = "$(TARGET_NAME)";
				STRING_CATALOG_GENERATE_SYMBOLS = YES;
				SWIFT_DEFAULT_ACTOR_ISOLATION = MainActor;
				SWIFT_EMIT_LOC_STRINGS = YES;
				SWIFT_UPCOMING_FEATURE_MEMBER_IMPORT_VISIBILITY = YES;
				SWIFT_VERSION = 5.0;
				TARGETED_DEVICE_FAMILY = "1,2";
			};
			name = Release;
		};
		292D8CE42E3E41BA007D5F8A /* Debug */ = {
			isa = XCBuildConfiguration;
			buildSettings = {
				BUNDLE_LOADER = "$(TEST_HOST)";
				CODE_SIGN_STYLE = Automatic;
				CURRENT_PROJECT_VERSION = 1;
				GENERATE_INFOPLIST_FILE = YES;
				IPHONEOS_DEPLOYMENT_TARGET = 26.0;
				MARKETING_VERSION = 1.0;
				PRODUCT_BUNDLE_IDENTIFIER = com.ApplePay.TimeWorks.GeoTaskTests;
				PRODUCT_NAME = "$(TARGET_NAME)";
				STRING_CATALOG_GENERATE_SYMBOLS = NO;
				SWIFT_EMIT_LOC_STRINGS = NO;
				SWIFT_UPCOMING_FEATURE_MEMBER_IMPORT_VISIBILITY = YES;
				SWIFT_VERSION = 5.0;
				TARGETED_DEVICE_FAMILY = "1,2";
				TEST_HOST = "$(BUILT_PRODUCTS_DIR)/GeoTask.app/$(BUNDLE_EXECUTABLE_FOLDER_PATH)/GeoTask";
			};
			name = Debug;
		};
		292D8CE52E3E41BA007D5F8A /* Release */ = {
			isa = XCBuildConfiguration;
			buildSettings = {
				BUNDLE_LOADER = "$(TEST_HOST)";
				CODE_SIGN_STYLE = Automatic;
				CURRENT_PROJECT_VERSION = 1;
				GENERATE_INFOPLIST_FILE = YES;
				IPHONEOS_DEPLOYMENT_TARGET = 26.0;
				MARKETING_VERSION = 1.0;
				PRODUCT_BUNDLE_IDENTIFIER = com.ApplePay.TimeWorks.GeoTaskTests;
				PRODUCT_NAME = "$(TARGET_NAME)";
				STRING_CATALOG_GENERATE_SYMBOLS = NO;
				SWIFT_EMIT_LOC_STRINGS = NO;
				SWIFT_UPCOMING_FEATURE_MEMBER_IMPORT_VISIBILITY = YES;
				SWIFT_VERSION = 5.0;
				TARGETED_DEVICE_FAMILY = "1,2";
				TEST_HOST = "$(BUILT_PRODUCTS_DIR)/GeoTask.app/$(BUNDLE_EXECUTABLE_FOLDER_PATH)/GeoTask";
			};
			name = Release;
		};
		292D8CE72E3E41BA007D5F8A /* Debug */ = {
			isa = XCBuildConfiguration;
			buildSettings = {
				CODE_SIGN_STYLE = Automatic;
				CURRENT_PROJECT_VERSION = 1;
				GENERATE_INFOPLIST_FILE = YES;
				MARKETING_VERSION = 1.0;
				PRODUCT_BUNDLE_IDENTIFIER = com.ApplePay.TimeWorks.GeoTaskUITests;
				PRODUCT_NAME = "$(TARGET_NAME)";
				STRING_CATALOG_GENERATE_SYMBOLS = NO;
				SWIFT_EMIT_LOC_STRINGS = NO;
				SWIFT_UPCOMING_FEATURE_MEMBER_IMPORT_VISIBILITY = YES;
				SWIFT_VERSION = 5.0;
				TARGETED_DEVICE_FAMILY = "1,2";
				TEST_TARGET_NAME = GeoTask;
			};
			name = Debug;
		};
		292D8CE82E3E41BA007D5F8A /* Release */ = {
			isa = XCBuildConfiguration;
			buildSettings = {
				CODE_SIGN_STYLE = Automatic;
				CURRENT_PROJECT_VERSION = 1;
				GENERATE_INFOPLIST_FILE = YES;
				MARKETING_VERSION = 1.0;
				PRODUCT_BUNDLE_IDENTIFIER = com.ApplePay.TimeWorks.GeoTaskUITests;
				PRODUCT_NAME = "$(TARGET_NAME)";
				STRING_CATALOG_GENERATE_SYMBOLS = NO;
				SWIFT_EMIT_LOC_STRINGS = NO;
				SWIFT_UPCOMING_FEATURE_MEMBER_IMPORT_VISIBILITY = YES;
				SWIFT_VERSION = 5.0;
				TARGETED_DEVICE_FAMILY = "1,2";
				TEST_TARGET_NAME = GeoTask;
			};
			name = Release;
		};
/* End XCBuildConfiguration section */

/* Begin XCConfigurationList section */
		292D8CBA2E3E41B8007D5F8A /* Build configuration list for PBXProject "GeoTask" */ = {
			isa = XCConfigurationList;
			buildConfigurations = (
				292D8CDE2E3E41BA007D5F8A /* Debug */,
				292D8CDF2E3E41BA007D5F8A /* Release */,
			);
			defaultConfigurationIsVisible = 0;
			defaultConfigurationName = Release;
		};
		292D8CE02E3E41BA007D5F8A /* Build configuration list for PBXNativeTarget "GeoTask" */ = {
			isa = XCConfigurationList;
			buildConfigurations = (
				292D8CE12E3E41BA007D5F8A /* Debug */,
				292D8CE22E3E41BA007D5F8A /* Release */,
			);
			defaultConfigurationIsVisible = 0;
			defaultConfigurationName = Release;
		};
		292D8CE32E3E41BA007D5F8A /* Build configuration list for PBXNativeTarget "GeoTaskTests" */ = {
			isa = XCConfigurationList;
			buildConfigurations = (
				292D8CE42E3E41BA007D5F8A /* Debug */,
				292D8CE52E3E41BA007D5F8A /* Release */,
			);
			defaultConfigurationIsVisible = 0;
			defaultConfigurationName = Release;
		};
		292D8CE62E3E41BA007D5F8A /* Build configuration list for PBXNativeTarget "GeoTaskUITests" */ = {
			isa = XCConfigurationList;
			buildConfigurations = (
				292D8CE72E3E41BA007D5F8A /* Debug */,
				292D8CE82E3E41BA007D5F8A /* Release */,
			);
			defaultConfigurationIsVisible = 0;
			defaultConfigurationName = Release;
		};
/* End XCConfigurationList section */
	};
	rootObject = 292D8CB72E3E41B8007D5F8A /* Project object */;
}
